{
  "version": "3",
  "packages": {
    "specifiers": {
      "jsr:@core/unknownutil@^4.1.0": "jsr:@core/unknownutil@4.2.0",
      "jsr:@kitsonk/xhr@^0.4.3": "jsr:@kitsonk/xhr@0.4.3",
      "jsr:@std/assert@^1.0.2": "jsr:@std/assert@1.0.2",
      "jsr:@std/internal@^1.0.1": "jsr:@std/internal@1.0.1",
      "jsr:@std/media-types@0.220": "jsr:@std/media-types@0.220.1"
    },
    "jsr": {
      "@core/unknownutil@4.2.0": {
        "integrity": "cc0609f2e9fcfd68783c8c34d588261464114770d83047e93eaa1e13732aaedb"
      },
      "@kitsonk/xhr@0.4.3": {
        "integrity": "c3c531a76842aa161ee7265bf2d324476a8de5a81215398db6be943994ce31be",
        "dependencies": [
          "jsr:@std/media-types@0.220"
        ]
      },
      "@std/assert@1.0.2": {
        "integrity": "ccacec332958126deaceb5c63ff8b4eaf9f5ed0eac9feccf124110435e59e49c",
        "dependencies": [
          "jsr:@std/internal@^1.0.1"
        ]
      },
      "@std/internal@1.0.1": {
        "integrity": "6f8c7544d06a11dd256c8d6ba54b11ed870aac6c5aeafff499892662c57673e6"
      },
      "@std/media-types@0.220.1": {
        "integrity": "9dea30f7e0c87426ad8736678137ad277f1450f858efa1ef2c3aad6d9029b682"
      }
    }
  },
  "remote": {
    "https://cdn.jsdelivr.net/npm/binaryen@117.0.0/index.min.js": "49788047581afb169bd92b14fc678103139e99e1c4de85a19f22234dba998d44"
  },
  "workspace": {
    "dependencies": [
      "jsr:@core/unknownutil@^4.1.0",
      "jsr:@kitsonk/xhr@^0.4.3",
      "jsr:@std/assert@^1.0.2"
    ]
  }
}
